
Microsoft Visual Studio Solution File, Format Version 12.00
# Visual Studio Version 17
VisualStudioVersion = 17.5.33424.131
MinimumVisualStudioVersion = 10.0.40219.1
Project("{F184B08F-C81C-45F6-A57F-5ABD9991F28F}") = "WinSDKDemo", "WinSDKDemo.vbproj", "{6AD3F16E-CFAE-47B5-AA73-9060C97C91FA}"
EndProject
Global
	GlobalSection(SolutionConfigurationPlatforms) = preSolution
		Debug|Any CPU = Debug|Any CPU
		Debug|x64 = Debug|x64
		Debug|x86 = Debug|x86
		Release|Any CPU = Release|Any CPU
		Release|x64 = Release|x64
		Release|x86 = Release|x86
	EndGlobalSection
	GlobalSection(ProjectConfigurationPlatforms) = postSolution
		{6AD3F16E-CFAE-47B5-AA73-9060C97C91FA}.Debug|Any CPU.ActiveCfg = Debug|Any CPU
		{6AD3F16E-CFAE-47B5-AA73-9060C97C91FA}.Debug|Any CPU.Build.0 = Debug|Any CPU
		{6AD3F16E-CFAE-47B5-AA73-9060C97C91FA}.Debug|x64.ActiveCfg = Debug|x64
		{6AD3F16E-CFAE-47B5-AA73-9060C97C91FA}.Debug|x64.Build.0 = Debug|x64
		{6AD3F16E-CFAE-47B5-AA73-9060C97C91FA}.Debug|x86.ActiveCfg = Debug|x86
		{6AD3F16E-CFAE-47B5-AA73-9060C97C91FA}.Debug|x86.Build.0 = Debug|x86
		{6AD3F16E-CFAE-47B5-AA73-9060C97C91FA}.Release|Any CPU.ActiveCfg = Release|Any CPU
		{6AD3F16E-CFAE-47B5-AA73-9060C97C91FA}.Release|Any CPU.Build.0 = Release|Any CPU
		{6AD3F16E-CFAE-47B5-AA73-9060C97C91FA}.Release|x64.ActiveCfg = Release|x64
		{6AD3F16E-CFAE-47B5-AA73-9060C97C91FA}.Release|x64.Build.0 = Release|x64
		{6AD3F16E-CFAE-47B5-AA73-9060C97C91FA}.Release|x86.ActiveCfg = Release|x86
		{6AD3F16E-CFAE-47B5-AA73-9060C97C91FA}.Release|x86.Build.0 = Release|x86
	EndGlobalSection
	GlobalSection(SolutionProperties) = preSolution
		HideSolutionNode = FALSE
	EndGlobalSection
	GlobalSection(ExtensibilityGlobals) = postSolution
		SolutionGuid = {4AC2ACD9-905B-403F-B301-92E3062AD40F}
	EndGlobalSection
EndGlobal
